
Microsoft Visual Studio Solution File, Format Version 12.00
# Visual Studio 14
VisualStudioVersion = 14.0.25420.1
MinimumVisualStudioVersion = 10.0.40219.1
Project("{FAE04EC0-301F-11D3-BF4B-00C04F79EFBC}") = "LoadTestEm", "LoadTestEm\LoadTestEm.csproj", "{07E1F00E-4675-4AA9-9675-548E2130E2B0}"
EndProject
Project("{FAE04EC0-301F-11D3-BF4B-00C04F79EFBC}") = "LoadTestEmTests", "LoadTestEmTests\LoadTestEmTests.csproj", "{A7623027-487B-4D57-85DF-E2973C6118EF}"
EndProject
Global
	GlobalSection(SolutionConfigurationPlatforms) = preSolution
		Debug|Any CPU = Debug|Any CPU
		Release|Any CPU = Release|Any CPU
	EndGlobalSection
	GlobalSection(ProjectConfigurationPlatforms) = postSolution
		{07E1F00E-4675-4AA9-9675-548E2130E2B0}.Debug|Any CPU.ActiveCfg = Debug|Any CPU
		{07E1F00E-4675-4AA9-9675-548E2130E2B0}.Debug|Any CPU.Build.0 = Debug|Any CPU
		{07E1F00E-4675-4AA9-9675-548E2130E2B0}.Release|Any CPU.ActiveCfg = Release|Any CPU
		{07E1F00E-4675-4AA9-9675-548E2130E2B0}.Release|Any CPU.Build.0 = Release|Any CPU
		{A7623027-487B-4D57-85DF-E2973C6118EF}.Debug|Any CPU.ActiveCfg = Debug|Any CPU
		{A7623027-487B-4D57-85DF-E2973C6118EF}.Debug|Any CPU.Build.0 = Debug|Any CPU
		{A7623027-487B-4D57-85DF-E2973C6118EF}.Release|Any CPU.ActiveCfg = Release|Any CPU
		{A7623027-487B-4D57-85DF-E2973C6118EF}.Release|Any CPU.Build.0 = Release|Any CPU
	EndGlobalSection
	GlobalSection(SolutionProperties) = preSolution
		HideSolutionNode = FALSE
	EndGlobalSection
EndGlobal
